
Microsoft Visual Studio Solution File, Format Version 12.00
# Visual Studio 15
VisualStudioVersion = 15.0.28307.1585
MinimumVisualStudioVersion = 10.0.40219.1
Project("{E24C65DC-7377-472B-9ABA-BC803B73C61A}") = "TrabajoSocial_v3", "TrabajoSocial_v3\", "{4760E63A-6D7D-4391-B790-A9C6DA326B44}"
	ProjectSection(WebsiteProperties) = preProject
		TargetFrameworkMoniker = ".NETFramework,Version%3Dv4.6.1"
		Debug.AspNetCompiler.VirtualPath = "/localhost_55369"
		Debug.AspNetCompiler.PhysicalPath = "TrabajoSocial_v3\"
		Debug.AspNetCompiler.TargetPath = "PrecompiledWeb\localhost_55369\"
		Debug.AspNetCompiler.Updateable = "true"
		Debug.AspNetCompiler.ForceOverwrite = "true"
		Debug.AspNetCompiler.FixedNames = "false"
		Debug.AspNetCompiler.Debug = "True"
		Release.AspNetCompiler.VirtualPath = "/localhost_55369"
		Release.AspNetCompiler.PhysicalPath = "TrabajoSocial_v3\"
		Release.AspNetCompiler.TargetPath = "PrecompiledWeb\localhost_55369\"
		Release.AspNetCompiler.Updateable = "true"
		Release.AspNetCompiler.ForceOverwrite = "true"
		Release.AspNetCompiler.FixedNames = "false"
		Release.AspNetCompiler.Debug = "False"
		VWDPort = "55369"
		SlnRelativePath = "TrabajoSocial_v3\"
		DefaultWebSiteLanguage = "Visual Basic"
	EndProjectSection
EndProject
Global
	GlobalSection(SolutionConfigurationPlatforms) = preSolution
		Debug|Any CPU = Debug|Any CPU
	EndGlobalSection
	GlobalSection(ProjectConfigurationPlatforms) = postSolution
		{4760E63A-6D7D-4391-B790-A9C6DA326B44}.Debug|Any CPU.ActiveCfg = Debug|Any CPU
		{4760E63A-6D7D-4391-B790-A9C6DA326B44}.Debug|Any CPU.Build.0 = Debug|Any CPU
	EndGlobalSection
	GlobalSection(SolutionProperties) = preSolution
		HideSolutionNode = FALSE
	EndGlobalSection
	GlobalSection(ExtensibilityGlobals) = postSolution
		SolutionGuid = {6A866C54-BEE8-4BFD-B527-FE7083916094}
	EndGlobalSection
EndGlobal
